
Microsoft Visual Studio Solution File, Format Version 12.00
# Visual Studio Version 17
VisualStudioVersion = 17.4.33213.308
MinimumVisualStudioVersion = 10.0.40219.1
Project("{FAE04EC0-301F-11D3-BF4B-00C04F79EFBC}") = "Final_Project", "Final_Project\Final_Project.csproj", "{DFFDBCC6-E78A-471E-BB42-A6C4448A2A3A}"
EndProject
Global
	GlobalSection(SolutionConfigurationPlatforms) = preSolution
		Debug|Any CPU = Debug|Any CPU
		Release|Any CPU = Release|Any CPU
	EndGlobalSection
	GlobalSection(ProjectConfigurationPlatforms) = postSolution
		{DFFDBCC6-E78A-471E-BB42-A6C4448A2A3A}.Debug|Any CPU.ActiveCfg = Debug|Any CPU
		{DFFDBCC6-E78A-471E-BB42-A6C4448A2A3A}.Debug|Any CPU.Build.0 = Debug|Any CPU
		{DFFDBCC6-E78A-471E-BB42-A6C4448A2A3A}.Release|Any CPU.ActiveCfg = Release|Any CPU
		{DFFDBCC6-E78A-471E-BB42-A6C4448A2A3A}.Release|Any CPU.Build.0 = Release|Any CPU
	EndGlobalSection
	GlobalSection(SolutionProperties) = preSolution
		HideSolutionNode = FALSE
	EndGlobalSection
	GlobalSection(ExtensibilityGlobals) = postSolution
		SolutionGuid = {75F5DECD-854C-4DBE-9FB0-EB2D2004DFCC}
	EndGlobalSection
EndGlobal
